
Microsoft Visual Studio Solution File, Format Version 12.00
# Visual Studio Version 16
VisualStudioVersion = 16.0.30611.23
MinimumVisualStudioVersion = 10.0.40219.1
Project("{9A19103F-16F7-4668-BE54-9A1E7A4F7556}") = "AuthApiSesh", "AuthApiSesh.csproj", "{35CC7212-F308-4E30-9BB2-7FF479A14ABB}"
EndProject
Global
	GlobalSection(SolutionConfigurationPlatforms) = preSolution
		Debug|Any CPU = Debug|Any CPU
		Release|Any CPU = Release|Any CPU
	EndGlobalSection
	GlobalSection(ProjectConfigurationPlatforms) = postSolution
		{35CC7212-F308-4E30-9BB2-7FF479A14ABB}.Debug|Any CPU.ActiveCfg = Debug|Any CPU
		{35CC7212-F308-4E30-9BB2-7FF479A14ABB}.Debug|Any CPU.Build.0 = Debug|Any CPU
		{35CC7212-F308-4E30-9BB2-7FF479A14ABB}.Release|Any CPU.ActiveCfg = Release|Any CPU
		{35CC7212-F308-4E30-9BB2-7FF479A14ABB}.Release|Any CPU.Build.0 = Release|Any CPU
	EndGlobalSection
	GlobalSection(SolutionProperties) = preSolution
		HideSolutionNode = FALSE
	EndGlobalSection
	GlobalSection(ExtensibilityGlobals) = postSolution
		SolutionGuid = {EF7FC024-38F8-4799-B20D-314822B3CC52}
	EndGlobalSection
EndGlobal
